
Microsoft Visual Studio Solution File, Format Version 12.00
# Visual Studio Version 16
VisualStudioVersion = 16.0.31424.327
MinimumVisualStudioVersion = 10.0.40219.1
Project("{FAE04EC0-301F-11D3-BF4B-00C04F79EFBC}") = "UpdateProject", "UpdateProject.csproj", "{EC6B7B05-64E7-4A4F-8529-A5B2ABA9A3FF}"
EndProject
Global
	GlobalSection(SolutionConfigurationPlatforms) = preSolution
		Debug|Any CPU = Debug|Any CPU
		Release|Any CPU = Release|Any CPU
	EndGlobalSection
	GlobalSection(ProjectConfigurationPlatforms) = postSolution
		{EC6B7B05-64E7-4A4F-8529-A5B2ABA9A3FF}.Debug|Any CPU.ActiveCfg = Debug|Any CPU
		{EC6B7B05-64E7-4A4F-8529-A5B2ABA9A3FF}.Debug|Any CPU.Build.0 = Debug|Any CPU
		{EC6B7B05-64E7-4A4F-8529-A5B2ABA9A3FF}.Release|Any CPU.ActiveCfg = Release|Any CPU
		{EC6B7B05-64E7-4A4F-8529-A5B2ABA9A3FF}.Release|Any CPU.Build.0 = Release|Any CPU
	EndGlobalSection
	GlobalSection(SolutionProperties) = preSolution
		HideSolutionNode = FALSE
	EndGlobalSection
	GlobalSection(ExtensibilityGlobals) = postSolution
		SolutionGuid = {3379392A-B340-4F4B-BC50-BA1CD7D8A04B}
	EndGlobalSection
EndGlobal
